{
  "requires": true,
  "lockfileVersion": 1,
  "dependencies": {
    "@fal-works/esbuild-plugin-global-externals": {
      "version": "2.1.2",
      "resolved": "https://registry.npmjs.org/@fal-works/esbuild-plugin-global-externals/-/esbuild-plugin-global-externals-2.1.2.tgz",
      "integrity": "sha512-cEee/Z+I12mZcFJshKcCqC8tuX5hG3s+d+9nZ3LabqKF1vKdF41B92pJVCBggjAGORAeOzyyDDKrZwIkLffeOQ=="
    }
  }
}
